// !$*UTF8*$!
{
	archiveVersion = 1;
	classes = {
	};
	objectVersion = 46;
	objects = {

/* Begin PBXBuildFile section */
		3A8A549B1D9875A60012E155 /* main.m in Sources */ = {isa = PBXBuildFile; fileRef = 3A8A549A1D9875A60012E155 /* main.m */; };
		3A8A54A31D9876030012E155 /* SimpleCar.m in Sources */ = {isa = PBXBuildFile; fileRef = 3A8A54A21D9876030012E155 /* SimpleCar.m */; };
/* End PBXBuildFile section */

/* Begin PBXCopyFilesBuildPhase section */
		3A8A54951D9875A60012E155 /* CopyFiles */ = {
			isa = PBXCopyFilesBuildPhase;
			buildActionMask = 2147483647;
			dstPath = /usr/share/man/man1/;
			dstSubfolderSpec = 0;
			files = (
			);
			runOnlyForDeploymentPostprocessing = 1;
		};
/* End PBXCopyFilesBuildPhase section */

/* Begin PBXFileReference section */
		3A8A54971D9875A60012E155 /* secondtest */ = {isa = PBXFileReference; explicitFileType = "compiled.mach-o.executable"; includeInIndex = 0; path = secondtest; sourceTree = BUILT_PRODUCTS_DIR; };
		3A8A549A1D9875A60012E155 /* main.m */ = {isa = PBXFileReference; lastKnownFileType = sourcecode.c.objc; path = main.m; sourceTree = "<group>"; };
		3A8A54A11D9876030012E155 /* SimpleCar.h */ = {isa = PBXFileReference; fileEncoding = 4; lastKnownFileType = sourcecode.c.h; path = SimpleCar.h; sourceTree = "<group>"; };
		3A8A54A21D9876030012E155 /* SimpleCar.m */ = {isa = PBXFileReference; fileEncoding = 4; lastKnownFileType = sourcecode.c.objc; path = SimpleCar.m; sourceTree = "<group>"; };
/* End PBXFileReference section */

/* Begin PBXFrameworksBuildPhase section */
		3A8A54941D9875A60012E155 /* Frameworks */ = {
			isa = PBXFrameworksBuildPhase;
			buildActionMask = 2147483647;
			files = (
			);
			runOnlyForDeploymentPostprocessing = 0;
		};
/* End PBXFrameworksBuildPhase section */

/* Begin PBXGroup section */
		3A8A548E1D9875A60012E155 = {
			isa = PBXGroup;
			children = (
				3A8A54A11D9876030012E155 /* SimpleCar.h */,
				3A8A54A21D9876030012E155 /* SimpleCar.m */,
				3A8A54991D9875A60012E155 /* secondtest */,
				3A8A54981D9875A60012E155 /* Products */,
			);
			sourceTree = "<group>";
		};
		3A8A54981D9875A60012E155 /* Products */ = {
			isa = PBXGroup;
			children = (
				3A8A54971D9875A60012E155 /* secondtest */,
			);
			name = Products;
			sourceTree = "<group>";
		};
		3A8A54991D9875A60012E155 /* secondtest */ = {
			isa = PBXGroup;
			children = (
				3A8A549A1D9875A60012E155 /* main.m */,
			);
			path = secondtest;
			sourceTree = "<group>";
		};
/* End PBXGroup section */

/* Begin PBXNativeTarget section */
		3A8A54961D9875A60012E155 /* secondtest */ = {
			isa = PBXNativeTarget;
			buildConfigurationList = 3A8A549E1D9875A60012E155 /* Build configuration list for PBXNativeTarget "secondtest" */;
			buildPhases = (
				3A8A54931D9875A60012E155 /* Sources */,
				3A8A54941D9875A60012E155 /* Frameworks */,
				3A8A54951D9875A60012E155 /* CopyFiles */,
			);
			buildRules = (
			);
			dependencies = (
			);
			name = secondtest;
			productName = secondtest;
			productReference = 3A8A54971D9875A60012E155 /* secondtest */;
			productType = "com.apple.product-type.tool";
		};
/* End PBXNativeTarget section */

/* Begin PBXProject section */
		3A8A548F1D9875A60012E155 /* Project object */ = {
			isa = PBXProject;
			attributes = {
				LastUpgradeCheck = 0710;
				ORGANIZATIONNAME = "Faizan Urfi";
				TargetAttributes = {
					3A8A54961D9875A60012E155 = {
						CreatedOnToolsVersion = 7.1.1;
					};
				};
			};
			buildConfigurationList = 3A8A54921D9875A60012E155 /* Build configuration list for PBXProject "secondtest" */;
			compatibilityVersion = "Xcode 3.2";
			developmentRegion = English;
			hasScannedForEncodings = 0;
			knownRegions = (
				en,
			);
			mainGroup = 3A8A548E1D9875A60012E155;
			productRefGroup = 3A8A54981D9875A60012E155 /* Products */;
			projectDirPath = "";
			projectRoot = "";
			targets = (
				3A8A54961D9875A60012E155 /* secondtest */,
			);
		};
/* End PBXProject section */

/* Begin PBXSourcesBuildPhase section */
		3A8A54931D9875A60012E155 /* Sources */ = {
			isa = PBXSourcesBuildPhase;
			buildActionMask = 2147483647;
			files = (
				3A8A54A31D9876030012E155 /* SimpleCar.m in Sources */,
				3A8A549B1D9875A60012E155 /* main.m in Sources */,
			);
			runOnlyForDeploymentPostprocessing = 0;
		};
/* End PBXSourcesBuildPhase section */

/* Begin XCBuildConfiguration section */
		3A8A549C1D9875A60012E155 /* Debug */ = {
			isa = XCBuildConfiguration;
			buildSettings = {
				ALWAYS_SEARCH_USER_PATHS = NO;
				CLANG_CXX_LANGUAGE_STANDARD = "gnu++0x";
				CLANG_CXX_LIBRARY = "libc++";
				CLANG_ENABLE_MODULES = YES;
				CLANG_ENABLE_OBJC_ARC = YES;
				CLANG_WARN_BOOL_CONVERSION = YES;
				CLANG_WARN_CONSTANT_CONVERSION = YES;
				CLANG_WARN_DIRECT_OBJC_ISA_USAGE = YES_ERROR;
				CLANG_WARN_EMPTY_BODY = YES;
				CLANG_WARN_ENUM_CONVERSION = YES;
				CLANG_WARN_INT_CONVERSION = YES;
				CLANG_WARN_OBJC_ROOT_CLASS = YES_ERROR;
				CLANG_WARN_UNREACHABLE_CODE = YES;
				CLANG_WARN__DUPLICATE_METHOD_MATCH = YES;
				CODE_SIGN_IDENTITY = "-";
				COPY_PHASE_STRIP = NO;
				DEBUG_INFORMATION_FORMAT = dwarf;
				ENABLE_STRICT_OBJC_MSGSEND = YES;
				ENABLE_TESTABILITY = YES;
				GCC_C_LANGUAGE_STANDARD = gnu99;
				GCC_DYNAMIC_NO_PIC = NO;
				GCC_NO_COMMON_BLOCKS = YES;
				GCC_OPTIMIZATION_LEVEL = 0;
				GCC_PREPROCESSOR_DEFINITIONS = (
					"DEBUG=1",
					"$(inherited)",
				);
				GCC_WARN_64_TO_32_BIT_CONVERSION = YES;
				GCC_WARN_ABOUT_RETURN_TYPE = YES_ERROR;
				GCC_WARN_UNDECLARED_SELECTOR = YES;
				GCC_WARN_UNINITIALIZED_AUTOS = YES_AGGRESSIVE;
				GCC_WARN_UNUSED_FUNCTION = YES;
				GCC_WARN_UNUSED_VARIABLE = YES;
				MACOSX_DEPLOYMENT_TARGET = 10.11;
				MTL_ENABLE_DEBUG_INFO = YES;
				ONLY_ACTIVE_ARCH = YES;
				SDKROOT = macosx;
			};
			name = Debug;
		};
		3A8A549D1D9875A60012E155 /* Release */ = {
			isa = XCBuildConfiguration;
			buildSettings = {
				ALWAYS_SEARCH_USER_PATHS = NO;
				CLANG_CXX_LANGUAGE_STANDARD = "gnu++0x";
				CLANG_CXX_LIBRARY = "libc++";
				CLANG_ENABLE_MODULES = YES;
				CLANG_ENABLE_OBJC_ARC = YES;
				CLANG_WARN_BOOL_CONVERSION = YES;
				CLANG_WARN_CONSTANT_CONVERSION = YES;
				CLANG_WARN_DIRECT_OBJC_ISA_USAGE = YES_ERROR;
				CLANG_WARN_EMPTY_BODY = YES;
				CLANG_WARN_ENUM_CONVERSION = YES;
				CLANG_WARN_INT_CONVERSION = YES;
				CLANG_WARN_OBJC_ROOT_CLASS = YES_ERROR;
				CLANG_WARN_UNREACHABLE_CODE = YES;
				CLANG_WARN__DUPLICATE_METHOD_MATCH = YES;
				CODE_SIGN_IDENTITY = "-";
				COPY_PHASE_STRIP = NO;
				DEBUG_INFORMATION_FORMAT = "dwarf-with-dsym";
				ENABLE_NS_ASSERTIONS = NO;
				ENABLE_STRICT_OBJC_MSGSEND = YES;
				GCC_C_LANGUAGE_STANDARD = gnu99;
				GCC_NO_COMMON_BLOCKS = YES;
				GCC_WARN_64_TO_32_BIT_CONVERSION = YES;
				GCC_WARN_ABOUT_RETURN_TYPE = YES_ERROR;
				GCC_WARN_UNDECLARED_SELECTOR = YES;
				GCC_WARN_UNINITIALIZED_AUTOS = YES_AGGRESSIVE;
				GCC_WARN_UNUSED_FUNCTION = YES;
				GCC_WARN_UNUSED_VARIABLE = YES;
				MACOSX_DEPLOYMENT_TARGET = 10.11;
				MTL_ENABLE_DEBUG_INFO = NO;
				SDKROOT = macosx;
			};
			name = Release;
		};
		3A8A549F1D9875A60012E155 /* Debug */ = {
			isa = XCBuildConfiguration;
			buildSettings = {
				PRODUCT_NAME = "$(TARGET_NAME)";
			};
			name = Debug;
		};
		3A8A54A01D9875A60012E155 /* Release */ = {
			isa = XCBuildConfiguration;
			buildSettings = {
				PRODUCT_NAME = "$(TARGET_NAME)";
			};
			name = Release;
		};
/* End XCBuildConfiguration section */

/* Begin XCConfigurationList section */
		3A8A54921D9875A60012E155 /* Build configuration list for PBXProject "secondtest" */ = {
			isa = XCConfigurationList;
			buildConfigurations = (
				3A8A549C1D9875A60012E155 /* Debug */,
				3A8A549D1D9875A60012E155 /* Release */,
			);
			defaultConfigurationIsVisible = 0;
			defaultConfigurationName = Release;
		};
		3A8A549E1D9875A60012E155 /* Build configuration list for PBXNativeTarget "secondtest" */ = {
			isa = XCConfigurationList;
			buildConfigurations = (
				3A8A549F1D9875A60012E155 /* Debug */,
				3A8A54A01D9875A60012E155 /* Release */,
			);
			defaultConfigurationIsVisible = 0;
		};
/* End XCConfigurationList section */
	};
	rootObject = 3A8A548F1D9875A60012E155 /* Project object */;
}
